// !$*UTF8*$!
{
	archiveVersion = 1;
	classes = {
	};
	objectVersion = 51;
	objects = {

/* Begin PBXBuildFile section */
		121ABB2E27BAE575008247EF /* SnapCenterLayout.swift in Sources */ = {isa = PBXBuildFile; fileRef = 121ABB2D27BAE575008247EF /* SnapCenterLayout.swift */; };
		121ABB3027BAE71D008247EF /* option2.swift in Sources */ = {isa = PBXBuildFile; fileRef = 121ABB2F27BAE71D008247EF /* option2.swift */; };
		121ABB3427BE3FB0008247EF /* baseVC.swift in Sources */ = {isa = PBXBuildFile; fileRef = 121ABB3327BE3FB0008247EF /* baseVC.swift */; };
		121FD1AA273868E50034B476 /* HomeViewController.swift in Sources */ = {isa = PBXBuildFile; fileRef = 121FD1A9273868E50034B476 /* HomeViewController.swift */; };
		1228641A27B11EEA00B449B1 /* MarkaziText-Bold.ttf in Resources */ = {isa = PBXBuildFile; fileRef = 1228641C27B11EEA00B449B1 /* MarkaziText-Bold.ttf */; };
		1228641E27B11EF700B449B1 /* MarkaziText-Medium.ttf in Resources */ = {isa = PBXBuildFile; fileRef = 1228642027B11EF700B449B1 /* MarkaziText-Medium.ttf */; };
		1228642227B11EFD00B449B1 /* MarkaziText-Regular.ttf in Resources */ = {isa = PBXBuildFile; fileRef = 1228642427B11EFD00B449B1 /* MarkaziText-Regular.ttf */; };
		1228642627B11F0400B449B1 /* MarkaziText-SemiBold.ttf in Resources */ = {isa = PBXBuildFile; fileRef = 1228642827B11F0400B449B1 /* MarkaziText-SemiBold.ttf */; };
		1245197827C81ADC00818174 /* ChartViewController.swift in Sources */ = {isa = PBXBuildFile; fileRef = 1245197727C81ADC00818174 /* ChartViewController.swift */; };
		124E9388273878B40091F395 /* PatientViewController.swift in Sources */ = {isa = PBXBuildFile; fileRef = 124E9387273878B40091F395 /* PatientViewController.swift */; };
		1250E3A728632B07004A7158 /* CustomSegmentedControl.swift in Sources */ = {isa = PBXBuildFile; fileRef = 1250E3A628632B06004A7158 /* CustomSegmentedControl.swift */; };
		1250E3A92864F431004A7158 /* LabCell.swift in Sources */ = {isa = PBXBuildFile; fileRef = 1250E3A82864F431004A7158 /* LabCell.swift */; };
		125C1D382727347E0053377B /* AppDelegate.swift in Sources */ = {isa = PBXBuildFile; fileRef = 125C1D372727347E0053377B /* AppDelegate.swift */; };
		125C1D3A2727347E0053377B /* SceneDelegate.swift in Sources */ = {isa = PBXBuildFile; fileRef = 125C1D392727347E0053377B /* SceneDelegate.swift */; };
		125C1D3C2727347E0053377B /* PhoneViewController.swift in Sources */ = {isa = PBXBuildFile; fileRef = 125C1D3B2727347E0053377B /* PhoneViewController.swift */; };
		125C1D3F2727347E0053377B /* Main.storyboard in Resources */ = {isa = PBXBuildFile; fileRef = 125C1D3D2727347E0053377B /* Main.storyboard */; };
		125C1D41272734810053377B /* Assets.xcassets in Resources */ = {isa = PBXBuildFile; fileRef = 125C1D40272734810053377B /* Assets.xcassets */; };
		125C1D44272734810053377B /* LaunchScreen.storyboard in Resources */ = {isa = PBXBuildFile; fileRef = 125C1D42272734810053377B /* LaunchScreen.storyboard */; };
		12610D94286E15960076816C /* PDFViewController.swift in Sources */ = {isa = PBXBuildFile; fileRef = 12610D93286E15960076816C /* PDFViewController.swift */; };
		12671A85286B09380067E5C2 /* GoogleService-Info.plist in Resources */ = {isa = PBXBuildFile; fileRef = 12671A84286B09380067E5C2 /* GoogleService-Info.plist */; };
		12742FE227AD94D100360551 /* PatientRegisterationViewController.swift in Sources */ = {isa = PBXBuildFile; fileRef = 12742FE127AD94D100360551 /* PatientRegisterationViewController.swift */; };
		12742FE427AE99B400360551 /* CollectionViewCell.swift in Sources */ = {isa = PBXBuildFile; fileRef = 12742FE327AE99B400360551 /* CollectionViewCell.swift */; };
		12742FE627AEC19C00360551 /* ReadingCard.swift in Sources */ = {isa = PBXBuildFile; fileRef = 12742FE527AEC19C00360551 /* ReadingCard.swift */; };
		127BC34A28CAD2B500CB3FDA /* SideMenuModel.swift in Sources */ = {isa = PBXBuildFile; fileRef = 127BC34928CAD2B500CB3FDA /* SideMenuModel.swift */; };
		127BC34D28CAD31000CB3FDA /* SideMenuCell.swift in Sources */ = {isa = PBXBuildFile; fileRef = 127BC34B28CAD31000CB3FDA /* SideMenuCell.swift */; };
		127BC34E28CAD31000CB3FDA /* SideMenuCell.xib in Resources */ = {isa = PBXBuildFile; fileRef = 127BC34C28CAD31000CB3FDA /* SideMenuCell.xib */; };
		127BC35028CAD52400CB3FDA /* SideMenuViewController.swift in Sources */ = {isa = PBXBuildFile; fileRef = 127BC34F28CAD52400CB3FDA /* SideMenuViewController.swift */; };
		128C297928C3B9D70022BDAC /* HamburgerViewController.swift in Sources */ = {isa = PBXBuildFile; fileRef = 128C297828C3B9D70022BDAC /* HamburgerViewController.swift */; };
		128C297B28C3BA000022BDAC /* MenuViewController.swift in Sources */ = {isa = PBXBuildFile; fileRef = 128C297A28C3BA000022BDAC /* MenuViewController.swift */; };
		128F2EBE2780FF5A009248EB /* CodeTextFieldViewController.swift in Sources */ = {isa = PBXBuildFile; fileRef = 128F2EBD2780FF5A009248EB /* CodeTextFieldViewController.swift */; };
		1293F42627C80CB7009D0440 /* XAxisWeekRenderer.swift in Sources */ = {isa = PBXBuildFile; fileRef = 1293F42527C80CB7009D0440 /* XAxisWeekRenderer.swift */; };
		1293F42827C80CC1009D0440 /* CustomChartFormatter.swift in Sources */ = {isa = PBXBuildFile; fileRef = 1293F42727C80CC1009D0440 /* CustomChartFormatter.swift */; };
		1293F42A27C80CC8009D0440 /* CustomValueFormatter.swift in Sources */ = {isa = PBXBuildFile; fileRef = 1293F42927C80CC7009D0440 /* CustomValueFormatter.swift */; };
		12C80860286B8CAE0076316A /* CenterViewFlowLayout.swift in Sources */ = {isa = PBXBuildFile; fileRef = 12C8085F286B8CAE0076316A /* CenterViewFlowLayout.swift */; };
		12CD913527273A7C00F3C5C8 /* AuthManager.swift in Sources */ = {isa = PBXBuildFile; fileRef = 12CD913427273A7C00F3C5C8 /* AuthManager.swift */; };
		12CD91382727420400F3C5C8 /* SMSViewController.swift in Sources */ = {isa = PBXBuildFile; fileRef = 12CD91372727420400F3C5C8 /* SMSViewController.swift */; };
		12CD913F272745DB00F3C5C8 /* DoctorViewController.swift in Sources */ = {isa = PBXBuildFile; fileRef = 12CD913E272745DB00F3C5C8 /* DoctorViewController.swift */; };
		6C24AA6E4A93FCBC9B98C16B /* Pods_FirestoreDemo.framework in Frameworks */ = {isa = PBXBuildFile; fileRef = F5A741D9FE3E3E4A98089042 /* Pods_FirestoreDemo.framework */; };
/* End PBXBuildFile section */

/* Begin PBXFileReference section */
		121ABB2D27BAE575008247EF /* SnapCenterLayout.swift */ = {isa = PBXFileReference; lastKnownFileType = sourcecode.swift; path = SnapCenterLayout.swift; sourceTree = "<group>"; };
		121ABB2F27BAE71D008247EF /* option2.swift */ = {isa = PBXFileReference; lastKnownFileType = sourcecode.swift; path = option2.swift; sourceTree = "<group>"; };
		121ABB3327BE3FB0008247EF /* baseVC.swift */ = {isa = PBXFileReference; lastKnownFileType = sourcecode.swift; path = baseVC.swift; sourceTree = "<group>"; };
		121FD1A9273868E50034B476 /* HomeViewController.swift */ = {isa = PBXFileReference; lastKnownFileType = sourcecode.swift; path = HomeViewController.swift; sourceTree = "<group>"; };
		1228641B27B11EEA00B449B1 /* Base */ = {isa = PBXFileReference; lastKnownFileType = file; name = Base; path = "Base.lproj/MarkaziText-Bold.ttf"; sourceTree = "<group>"; };
		1228641D27B11EED00B449B1 /* en */ = {isa = PBXFileReference; lastKnownFileType = file; name = en; path = "en.lproj/MarkaziText-Bold.ttf"; sourceTree = "<group>"; };
		1228641F27B11EF700B449B1 /* Base */ = {isa = PBXFileReference; lastKnownFileType = file; name = Base; path = "Base.lproj/MarkaziText-Medium.ttf"; sourceTree = "<group>"; };
		1228642127B11EF800B449B1 /* en */ = {isa = PBXFileReference; lastKnownFileType = file; name = en; path = "en.lproj/MarkaziText-Medium.ttf"; sourceTree = "<group>"; };
		1228642327B11EFD00B449B1 /* Base */ = {isa = PBXFileReference; lastKnownFileType = file; name = Base; path = "Base.lproj/MarkaziText-Regular.ttf"; sourceTree = "<group>"; };
		1228642527B11EFE00B449B1 /* en */ = {isa = PBXFileReference; lastKnownFileType = file; name = en; path = "en.lproj/MarkaziText-Regular.ttf"; sourceTree = "<group>"; };
		1228642727B11F0400B449B1 /* Base */ = {isa = PBXFileReference; lastKnownFileType = file; name = Base; path = "Base.lproj/MarkaziText-SemiBold.ttf"; sourceTree = "<group>"; };
		1228642927B11F0500B449B1 /* en */ = {isa = PBXFileReference; lastKnownFileType = file; name = en; path = "en.lproj/MarkaziText-SemiBold.ttf"; sourceTree = "<group>"; };
		1228642A27B3BB0200B449B1 /* FirestoreDemo.entitlements */ = {isa = PBXFileReference; lastKnownFileType = text.plist.entitlements; path = FirestoreDemo.entitlements; sourceTree = "<group>"; };
		1245197727C81ADC00818174 /* ChartViewController.swift */ = {isa = PBXFileReference; lastKnownFileType = sourcecode.swift; path = ChartViewController.swift; sourceTree = "<group>"; };
		124E9387273878B40091F395 /* PatientViewController.swift */ = {isa = PBXFileReference; lastKnownFileType = sourcecode.swift; path = PatientViewController.swift; sourceTree = "<group>"; };
		1250E3A628632B06004A7158 /* CustomSegmentedControl.swift */ = {isa = PBXFileReference; fileEncoding = 4; lastKnownFileType = sourcecode.swift; path = CustomSegmentedControl.swift; sourceTree = "<group>"; };
		1250E3A82864F431004A7158 /* LabCell.swift */ = {isa = PBXFileReference; lastKnownFileType = sourcecode.swift; path = LabCell.swift; sourceTree = "<group>"; };
		125C1D342727347E0053377B /* FirestoreDemo.app */ = {isa = PBXFileReference; explicitFileType = wrapper.application; includeInIndex = 0; path = FirestoreDemo.app; sourceTree = BUILT_PRODUCTS_DIR; };
		125C1D372727347E0053377B /* AppDelegate.swift */ = {isa = PBXFileReference; lastKnownFileType = sourcecode.swift; path = AppDelegate.swift; sourceTree = "<group>"; };
		125C1D392727347E0053377B /* SceneDelegate.swift */ = {isa = PBXFileReference; lastKnownFileType = sourcecode.swift; path = SceneDelegate.swift; sourceTree = "<group>"; };
		125C1D3B2727347E0053377B /* PhoneViewController.swift */ = {isa = PBXFileReference; lastKnownFileType = sourcecode.swift; path = PhoneViewController.swift; sourceTree = "<group>"; };
		125C1D3E2727347E0053377B /* Base */ = {isa = PBXFileReference; lastKnownFileType = file.storyboard; name = Base; path = Base.lproj/Main.storyboard; sourceTree = "<group>"; };
		125C1D40272734810053377B /* Assets.xcassets */ = {isa = PBXFileReference; lastKnownFileType = folder.assetcatalog; path = Assets.xcassets; sourceTree = "<group>"; };
		125C1D43272734810053377B /* Base */ = {isa = PBXFileReference; lastKnownFileType = file.storyboard; name = Base; path = Base.lproj/LaunchScreen.storyboard; sourceTree = "<group>"; };
		125C1D45272734810053377B /* Info.plist */ = {isa = PBXFileReference; lastKnownFileType = text.plist.xml; path = Info.plist; sourceTree = "<group>"; };
		12610D93286E15960076816C /* PDFViewController.swift */ = {isa = PBXFileReference; lastKnownFileType = sourcecode.swift; path = PDFViewController.swift; sourceTree = "<group>"; };
		12671A84286B09380067E5C2 /* GoogleService-Info.plist */ = {isa = PBXFileReference; fileEncoding = 4; lastKnownFileType = text.plist.xml; path = "GoogleService-Info.plist"; sourceTree = "<group>"; };
		12742FE127AD94D100360551 /* PatientRegisterationViewController.swift */ = {isa = PBXFileReference; lastKnownFileType = sourcecode.swift; path = PatientRegisterationViewController.swift; sourceTree = "<group>"; };
		12742FE327AE99B400360551 /* CollectionViewCell.swift */ = {isa = PBXFileReference; fileEncoding = 4; lastKnownFileType = sourcecode.swift; path = CollectionViewCell.swift; sourceTree = "<group>"; };
		12742FE527AEC19C00360551 /* ReadingCard.swift */ = {isa = PBXFileReference; lastKnownFileType = sourcecode.swift; path = ReadingCard.swift; sourceTree = "<group>"; };
		127BC34928CAD2B500CB3FDA /* SideMenuModel.swift */ = {isa = PBXFileReference; lastKnownFileType = sourcecode.swift; path = SideMenuModel.swift; sourceTree = "<group>"; };
		127BC34B28CAD31000CB3FDA /* SideMenuCell.swift */ = {isa = PBXFileReference; lastKnownFileType = sourcecode.swift; path = SideMenuCell.swift; sourceTree = "<group>"; };
		127BC34C28CAD31000CB3FDA /* SideMenuCell.xib */ = {isa = PBXFileReference; lastKnownFileType = file.xib; path = SideMenuCell.xib; sourceTree = "<group>"; };
		127BC34F28CAD52400CB3FDA /* SideMenuViewController.swift */ = {isa = PBXFileReference; lastKnownFileType = sourcecode.swift; path = SideMenuViewController.swift; sourceTree = "<group>"; };
		128C297828C3B9D70022BDAC /* HamburgerViewController.swift */ = {isa = PBXFileReference; lastKnownFileType = sourcecode.swift; path = HamburgerViewController.swift; sourceTree = "<group>"; };
		128C297A28C3BA000022BDAC /* MenuViewController.swift */ = {isa = PBXFileReference; lastKnownFileType = sourcecode.swift; path = MenuViewController.swift; sourceTree = "<group>"; };
		128F2EBD2780FF5A009248EB /* CodeTextFieldViewController.swift */ = {isa = PBXFileReference; lastKnownFileType = sourcecode.swift; path = CodeTextFieldViewController.swift; sourceTree = "<group>"; };
		1293F42527C80CB7009D0440 /* XAxisWeekRenderer.swift */ = {isa = PBXFileReference; fileEncoding = 4; lastKnownFileType = sourcecode.swift; path = XAxisWeekRenderer.swift; sourceTree = "<group>"; };
		1293F42727C80CC1009D0440 /* CustomChartFormatter.swift */ = {isa = PBXFileReference; fileEncoding = 4; lastKnownFileType = sourcecode.swift; path = CustomChartFormatter.swift; sourceTree = "<group>"; };
		1293F42927C80CC7009D0440 /* CustomValueFormatter.swift */ = {isa = PBXFileReference; fileEncoding = 4; lastKnownFileType = sourcecode.swift; path = CustomValueFormatter.swift; sourceTree = "<group>"; };
		12C8085F286B8CAE0076316A /* CenterViewFlowLayout.swift */ = {isa = PBXFileReference; fileEncoding = 4; lastKnownFileType = sourcecode.swift; name = CenterViewFlowLayout.swift; path = "../../../../../../Downloads/UICollectionViewHorizontalPaging-master/UICollectionViewHorizontalPaging/CenterViewFlowLayout.swift"; sourceTree = "<group>"; };
		12CD913427273A7C00F3C5C8 /* AuthManager.swift */ = {isa = PBXFileReference; lastKnownFileType = sourcecode.swift; path = AuthManager.swift; sourceTree = "<group>"; };
		12CD91372727420400F3C5C8 /* SMSViewController.swift */ = {isa = PBXFileReference; lastKnownFileType = sourcecode.swift; path = SMSViewController.swift; sourceTree = "<group>"; };
		12CD913E272745DB00F3C5C8 /* DoctorViewController.swift */ = {isa = PBXFileReference; lastKnownFileType = sourcecode.swift; path = DoctorViewController.swift; sourceTree = "<group>"; };
		22F582D5C026814817EBBDDF /* Pods-FirestoreDemo.release.xcconfig */ = {isa = PBXFileReference; includeInIndex = 1; lastKnownFileType = text.xcconfig; name = "Pods-FirestoreDemo.release.xcconfig"; path = "Target Support Files/Pods-FirestoreDemo/Pods-FirestoreDemo.release.xcconfig"; sourceTree = "<group>"; };
		DB3A368296B06DDC77C24767 /* Pods-FirestoreDemo.debug.xcconfig */ = {isa = PBXFileReference; includeInIndex = 1; lastKnownFileType = text.xcconfig; name = "Pods-FirestoreDemo.debug.xcconfig"; path = "Target Support Files/Pods-FirestoreDemo/Pods-FirestoreDemo.debug.xcconfig"; sourceTree = "<group>"; };
		F5A741D9FE3E3E4A98089042 /* Pods_FirestoreDemo.framework */ = {isa = PBXFileReference; explicitFileType = wrapper.framework; includeInIndex = 0; path = Pods_FirestoreDemo.framework; sourceTree = BUILT_PRODUCTS_DIR; };
/* End PBXFileReference section */

/* Begin PBXFrameworksBuildPhase section */
		125C1D312727347E0053377B /* Frameworks */ = {
			isa = PBXFrameworksBuildPhase;
			buildActionMask = 2147483647;
			files = (
				6C24AA6E4A93FCBC9B98C16B /* Pods_FirestoreDemo.framework in Frameworks */,
			);
			runOnlyForDeploymentPostprocessing = 0;
		};
/* End PBXFrameworksBuildPhase section */

/* Begin PBXGroup section */
		124B52052780572900902CA8 /* Views */ = {
			isa = PBXGroup;
			children = (
				127BC32428CA552700CB3FDA /* New Group */,
				128C297728C3B9BD0022BDAC /* Menu views */,
				121FD1A9273868E50034B476 /* HomeViewController.swift */,
				125C1D3B2727347E0053377B /* PhoneViewController.swift */,
				12CD91372727420400F3C5C8 /* SMSViewController.swift */,
				12742FE127AD94D100360551 /* PatientRegisterationViewController.swift */,
				124E9387273878B40091F395 /* PatientViewController.swift */,
				1245197727C81ADC00818174 /* ChartViewController.swift */,
				12CD913E272745DB00F3C5C8 /* DoctorViewController.swift */,
				12610D93286E15960076816C /* PDFViewController.swift */,
				127BC34928CAD2B500CB3FDA /* SideMenuModel.swift */,
				127BC34B28CAD31000CB3FDA /* SideMenuCell.swift */,
				127BC34C28CAD31000CB3FDA /* SideMenuCell.xib */,
				127BC34F28CAD52400CB3FDA /* SideMenuViewController.swift */,
			);
			path = Views;
			sourceTree = "<group>";
		};
		125C1D2B2727347D0053377B = {
			isa = PBXGroup;
			children = (
				1228641C27B11EEA00B449B1 /* MarkaziText-Bold.ttf */,
				1228642027B11EF700B449B1 /* MarkaziText-Medium.ttf */,
				1228642427B11EFD00B449B1 /* MarkaziText-Regular.ttf */,
				1228642827B11F0400B449B1 /* MarkaziText-SemiBold.ttf */,
				125C1D362727347E0053377B /* FirestoreDemo */,
				125C1D352727347E0053377B /* Products */,
				813E513080CCFD5438A09023 /* Pods */,
				F52D45A7CE1CDE4CFF3E72AA /* Frameworks */,
			);
			sourceTree = "<group>";
		};
		125C1D352727347E0053377B /* Products */ = {
			isa = PBXGroup;
			children = (
				125C1D342727347E0053377B /* FirestoreDemo.app */,
			);
			name = Products;
			sourceTree = "<group>";
		};
		125C1D362727347E0053377B /* FirestoreDemo */ = {
			isa = PBXGroup;
			children = (
				1228642A27B3BB0200B449B1 /* FirestoreDemo.entitlements */,
				125C1D372727347E0053377B /* AppDelegate.swift */,
				125C1D392727347E0053377B /* SceneDelegate.swift */,
				128F2EBC2780FF11009248EB /* Controllers */,
				124B52052780572900902CA8 /* Views */,
				125C1D3D2727347E0053377B /* Main.storyboard */,
				125C1D40272734810053377B /* Assets.xcassets */,
				125C1D42272734810053377B /* LaunchScreen.storyboard */,
				125C1D45272734810053377B /* Info.plist */,
				12671A84286B09380067E5C2 /* GoogleService-Info.plist */,
			);
			path = FirestoreDemo;
			sourceTree = "<group>";
		};
		127BC32428CA552700CB3FDA /* New Group */ = {
			isa = PBXGroup;
			children = (
			);
			path = "New Group";
			sourceTree = "<group>";
		};
		128C297728C3B9BD0022BDAC /* Menu views */ = {
			isa = PBXGroup;
			children = (
				128C297828C3B9D70022BDAC /* HamburgerViewController.swift */,
				128C297A28C3BA000022BDAC /* MenuViewController.swift */,
			);
			path = "Menu views";
			sourceTree = "<group>";
		};
		128F2EBC2780FF11009248EB /* Controllers */ = {
			isa = PBXGroup;
			children = (
				1250E3A628632B06004A7158 /* CustomSegmentedControl.swift */,
				1293F42427C80C8F009D0440 /* Chart */,
				12CD913427273A7C00F3C5C8 /* AuthManager.swift */,
				128F2EBD2780FF5A009248EB /* CodeTextFieldViewController.swift */,
				12742FE327AE99B400360551 /* CollectionViewCell.swift */,
				1250E3A82864F431004A7158 /* LabCell.swift */,
				12742FE527AEC19C00360551 /* ReadingCard.swift */,
				121ABB2D27BAE575008247EF /* SnapCenterLayout.swift */,
				12C8085F286B8CAE0076316A /* CenterViewFlowLayout.swift */,
				121ABB2F27BAE71D008247EF /* option2.swift */,
				121ABB3327BE3FB0008247EF /* baseVC.swift */,
			);
			path = Controllers;
			sourceTree = "<group>";
		};
		1293F42427C80C8F009D0440 /* Chart */ = {
			isa = PBXGroup;
			children = (
				1293F42527C80CB7009D0440 /* XAxisWeekRenderer.swift */,
				1293F42727C80CC1009D0440 /* CustomChartFormatter.swift */,
				1293F42927C80CC7009D0440 /* CustomValueFormatter.swift */,
			);
			path = Chart;
			sourceTree = "<group>";
		};
		813E513080CCFD5438A09023 /* Pods */ = {
			isa = PBXGroup;
			children = (
				DB3A368296B06DDC77C24767 /* Pods-FirestoreDemo.debug.xcconfig */,
				22F582D5C026814817EBBDDF /* Pods-FirestoreDemo.release.xcconfig */,
			);
			path = Pods;
			sourceTree = "<group>";
		};
		F52D45A7CE1CDE4CFF3E72AA /* Frameworks */ = {
			isa = PBXGroup;
			children = (
				F5A741D9FE3E3E4A98089042 /* Pods_FirestoreDemo.framework */,
			);
			name = Frameworks;
			sourceTree = "<group>";
		};
/* End PBXGroup section */

/* Begin PBXNativeTarget section */
		125C1D332727347E0053377B /* FirestoreDemo */ = {
			isa = PBXNativeTarget;
			buildConfigurationList = 125C1D48272734810053377B /* Build configuration list for PBXNativeTarget "FirestoreDemo" */;
			buildPhases = (
				BDA81399E9DF874B44C7C96C /* [CP] Check Pods Manifest.lock */,
				125C1D302727347E0053377B /* Sources */,
				125C1D312727347E0053377B /* Frameworks */,
				125C1D322727347E0053377B /* Resources */,
				D314FB35A123032521AC3023 /* [CP] Embed Pods Frameworks */,
			);
			buildRules = (
			);
			dependencies = (
			);
			name = FirestoreDemo;
			productName = FirestoreDemo;
			productReference = 125C1D342727347E0053377B /* FirestoreDemo.app */;
			productType = "com.apple.product-type.application";
		};
/* End PBXNativeTarget section */

/* Begin PBXProject section */
		125C1D2C2727347D0053377B /* Project object */ = {
			isa = PBXProject;
			attributes = {
				LastSwiftUpdateCheck = 1240;
				LastUpgradeCheck = 1240;
				TargetAttributes = {
					125C1D332727347E0053377B = {
						CreatedOnToolsVersion = 12.4;
						LastSwiftMigration = 1340;
					};
				};
			};
			buildConfigurationList = 125C1D2F2727347D0053377B /* Build configuration list for PBXProject "FirestoreDemo" */;
			compatibilityVersion = "Xcode 9.3";
			developmentRegion = en;
			hasScannedForEncodings = 0;
			knownRegions = (
				en,
				Base,
			);
			mainGroup = 125C1D2B2727347D0053377B;
			productRefGroup = 125C1D352727347E0053377B /* Products */;
			projectDirPath = "";
			projectRoot = "";
			targets = (
				125C1D332727347E0053377B /* FirestoreDemo */,
			);
		};
/* End PBXProject section */

/* Begin PBXResourcesBuildPhase section */
		125C1D322727347E0053377B /* Resources */ = {
			isa = PBXResourcesBuildPhase;
			buildActionMask = 2147483647;
			files = (
				125C1D44272734810053377B /* LaunchScreen.storyboard in Resources */,
				12671A85286B09380067E5C2 /* GoogleService-Info.plist in Resources */,
				127BC34E28CAD31000CB3FDA /* SideMenuCell.xib in Resources */,
				125C1D41272734810053377B /* Assets.xcassets in Resources */,
				1228641A27B11EEA00B449B1 /* MarkaziText-Bold.ttf in Resources */,
				1228641E27B11EF700B449B1 /* MarkaziText-Medium.ttf in Resources */,
				1228642627B11F0400B449B1 /* MarkaziText-SemiBold.ttf in Resources */,
				1228642227B11EFD00B449B1 /* MarkaziText-Regular.ttf in Resources */,
				125C1D3F2727347E0053377B /* Main.storyboard in Resources */,
			);
			runOnlyForDeploymentPostprocessing = 0;
		};
/* End PBXResourcesBuildPhase section */

/* Begin PBXShellScriptBuildPhase section */
		BDA81399E9DF874B44C7C96C /* [CP] Check Pods Manifest.lock */ = {
			isa = PBXShellScriptBuildPhase;
			buildActionMask = 2147483647;
			files = (
			);
			inputFileListPaths = (
			);
			inputPaths = (
				"${PODS_PODFILE_DIR_PATH}/Podfile.lock",
				"${PODS_ROOT}/Manifest.lock",
			);
			name = "[CP] Check Pods Manifest.lock";
			outputFileListPaths = (
			);
			outputPaths = (
				"$(DERIVED_FILE_DIR)/Pods-FirestoreDemo-checkManifestLockResult.txt",
			);
			runOnlyForDeploymentPostprocessing = 0;
			shellPath = /bin/sh;
			shellScript = "diff \"${PODS_PODFILE_DIR_PATH}/Podfile.lock\" \"${PODS_ROOT}/Manifest.lock\" > /dev/null\nif [ $? != 0 ] ; then\n    # print error to STDERR\n    echo \"error: The sandbox is not in sync with the Podfile.lock. Run 'pod install' or update your CocoaPods installation.\" >&2\n    exit 1\nfi\n# This output is used by Xcode 'outputs' to avoid re-running this script phase.\necho \"SUCCESS\" > \"${SCRIPT_OUTPUT_FILE_0}\"\n";
			showEnvVarsInLog = 0;
		};
		D314FB35A123032521AC3023 /* [CP] Embed Pods Frameworks */ = {
			isa = PBXShellScriptBuildPhase;
			buildActionMask = 2147483647;
			files = (
			);
			inputFileListPaths = (
				"${PODS_ROOT}/Target Support Files/Pods-FirestoreDemo/Pods-FirestoreDemo-frameworks-${CONFIGURATION}-input-files.xcfilelist",
			);
			name = "[CP] Embed Pods Frameworks";
			outputFileListPaths = (
				"${PODS_ROOT}/Target Support Files/Pods-FirestoreDemo/Pods-FirestoreDemo-frameworks-${CONFIGURATION}-output-files.xcfilelist",
			);
			runOnlyForDeploymentPostprocessing = 0;
			shellPath = /bin/sh;
			shellScript = "\"${PODS_ROOT}/Target Support Files/Pods-FirestoreDemo/Pods-FirestoreDemo-frameworks.sh\"\n";
			showEnvVarsInLog = 0;
		};
/* End PBXShellScriptBuildPhase section */

/* Begin PBXSourcesBuildPhase section */
		125C1D302727347E0053377B /* Sources */ = {
			isa = PBXSourcesBuildPhase;
			buildActionMask = 2147483647;
			files = (
				12610D94286E15960076816C /* PDFViewController.swift in Sources */,
				125C1D3C2727347E0053377B /* PhoneViewController.swift in Sources */,
				1293F42A27C80CC8009D0440 /* CustomValueFormatter.swift in Sources */,
				12CD913527273A7C00F3C5C8 /* AuthManager.swift in Sources */,
				127BC35028CAD52400CB3FDA /* SideMenuViewController.swift in Sources */,
				1250E3A728632B07004A7158 /* CustomSegmentedControl.swift in Sources */,
				1293F42827C80CC1009D0440 /* CustomChartFormatter.swift in Sources */,
				124E9388273878B40091F395 /* PatientViewController.swift in Sources */,
				1245197827C81ADC00818174 /* ChartViewController.swift in Sources */,
				121ABB3027BAE71D008247EF /* option2.swift in Sources */,
				1250E3A92864F431004A7158 /* LabCell.swift in Sources */,
				12CD913F272745DB00F3C5C8 /* DoctorViewController.swift in Sources */,
				1293F42627C80CB7009D0440 /* XAxisWeekRenderer.swift in Sources */,
				12742FE627AEC19C00360551 /* ReadingCard.swift in Sources */,
				125C1D382727347E0053377B /* AppDelegate.swift in Sources */,
				127BC34D28CAD31000CB3FDA /* SideMenuCell.swift in Sources */,
				12CD91382727420400F3C5C8 /* SMSViewController.swift in Sources */,
				121FD1AA273868E50034B476 /* HomeViewController.swift in Sources */,
				128C297B28C3BA000022BDAC /* MenuViewController.swift in Sources */,
				12742FE227AD94D100360551 /* PatientRegisterationViewController.swift in Sources */,
				121ABB3427BE3FB0008247EF /* baseVC.swift in Sources */,
				121ABB2E27BAE575008247EF /* SnapCenterLayout.swift in Sources */,
				125C1D3A2727347E0053377B /* SceneDelegate.swift in Sources */,
				128C297928C3B9D70022BDAC /* HamburgerViewController.swift in Sources */,
				128F2EBE2780FF5A009248EB /* CodeTextFieldViewController.swift in Sources */,
				12742FE427AE99B400360551 /* CollectionViewCell.swift in Sources */,
				12C80860286B8CAE0076316A /* CenterViewFlowLayout.swift in Sources */,
				127BC34A28CAD2B500CB3FDA /* SideMenuModel.swift in Sources */,
			);
			runOnlyForDeploymentPostprocessing = 0;
		};
/* End PBXSourcesBuildPhase section */

/* Begin PBXVariantGroup section */
		1228641C27B11EEA00B449B1 /* MarkaziText-Bold.ttf */ = {
			isa = PBXVariantGroup;
			children = (
				1228641B27B11EEA00B449B1 /* Base */,
				1228641D27B11EED00B449B1 /* en */,
			);
			name = "MarkaziText-Bold.ttf";
			path = Fonts/ttf;
			sourceTree = "<group>";
		};
		1228642027B11EF700B449B1 /* MarkaziText-Medium.ttf */ = {
			isa = PBXVariantGroup;
			children = (
				1228641F27B11EF700B449B1 /* Base */,
				1228642127B11EF800B449B1 /* en */,
			);
			name = "MarkaziText-Medium.ttf";
			path = Fonts/ttf;
			sourceTree = "<group>";
		};
		1228642427B11EFD00B449B1 /* MarkaziText-Regular.ttf */ = {
			isa = PBXVariantGroup;
			children = (
				1228642327B11EFD00B449B1 /* Base */,
				1228642527B11EFE00B449B1 /* en */,
			);
			name = "MarkaziText-Regular.ttf";
			path = Fonts/ttf;
			sourceTree = "<group>";
		};
		1228642827B11F0400B449B1 /* MarkaziText-SemiBold.ttf */ = {
			isa = PBXVariantGroup;
			children = (
				1228642727B11F0400B449B1 /* Base */,
				1228642927B11F0500B449B1 /* en */,
			);
			name = "MarkaziText-SemiBold.ttf";
			path = Fonts/ttf;
			sourceTree = "<group>";
		};
		125C1D3D2727347E0053377B /* Main.storyboard */ = {
			isa = PBXVariantGroup;
			children = (
				125C1D3E2727347E0053377B /* Base */,
			);
			name = Main.storyboard;
			sourceTree = "<group>";
		};
		125C1D42272734810053377B /* LaunchScreen.storyboard */ = {
			isa = PBXVariantGroup;
			children = (
				125C1D43272734810053377B /* Base */,
			);
			name = LaunchScreen.storyboard;
			sourceTree = "<group>";
		};
/* End PBXVariantGroup section */

/* Begin XCBuildConfiguration section */
		125C1D46272734810053377B /* Debug */ = {
			isa = XCBuildConfiguration;
			buildSettings = {
				ALWAYS_SEARCH_USER_PATHS = NO;
				"ARCHS[sdk=iphoneos*]" = (
					x86_64,
					"$(ARCHS_STANDARD)",
				);
				CLANG_ANALYZER_NONNULL = YES;
				CLANG_ANALYZER_NUMBER_OBJECT_CONVERSION = YES_AGGRESSIVE;
				CLANG_CXX_LANGUAGE_STANDARD = "gnu++14";
				CLANG_CXX_LIBRARY = "libc++";
				CLANG_ENABLE_MODULES = YES;
				CLANG_ENABLE_OBJC_ARC = YES;
				CLANG_ENABLE_OBJC_WEAK = YES;
				CLANG_WARN_BLOCK_CAPTURE_AUTORELEASING = YES;
				CLANG_WARN_BOOL_CONVERSION = YES;
				CLANG_WARN_COMMA = YES;
				CLANG_WARN_CONSTANT_CONVERSION = YES;
				CLANG_WARN_DEPRECATED_OBJC_IMPLEMENTATIONS = YES;
				CLANG_WARN_DIRECT_OBJC_ISA_USAGE = YES_ERROR;
				CLANG_WARN_DOCUMENTATION_COMMENTS = YES;
				CLANG_WARN_EMPTY_BODY = YES;
				CLANG_WARN_ENUM_CONVERSION = YES;
				CLANG_WARN_INFINITE_RECURSION = YES;
				CLANG_WARN_INT_CONVERSION = YES;
				CLANG_WARN_NON_LITERAL_NULL_CONVERSION = YES;
				CLANG_WARN_OBJC_IMPLICIT_RETAIN_SELF = YES;
				CLANG_WARN_OBJC_LITERAL_CONVERSION = YES;
				CLANG_WARN_OBJC_ROOT_CLASS = YES_ERROR;
				CLANG_WARN_QUOTED_INCLUDE_IN_FRAMEWORK_HEADER = YES;
				CLANG_WARN_RANGE_LOOP_ANALYSIS = YES;
				CLANG_WARN_STRICT_PROTOTYPES = YES;
				CLANG_WARN_SUSPICIOUS_MOVE = YES;
				CLANG_WARN_UNGUARDED_AVAILABILITY = YES_AGGRESSIVE;
				CLANG_WARN_UNREACHABLE_CODE = YES;
				CLANG_WARN__DUPLICATE_METHOD_MATCH = YES;
				COPY_PHASE_STRIP = NO;
				DEBUG_INFORMATION_FORMAT = dwarf;
				ENABLE_STRICT_OBJC_MSGSEND = YES;
				ENABLE_TESTABILITY = YES;
				EXCLUDED_ARCHS = "";
				FRAMEWORK_SEARCH_PATHS = "$(inherited)";
				GCC_C_LANGUAGE_STANDARD = gnu11;
				GCC_DYNAMIC_NO_PIC = NO;
				GCC_NO_COMMON_BLOCKS = YES;
				GCC_OPTIMIZATION_LEVEL = 0;
				GCC_PREPROCESSOR_DEFINITIONS = (
					"DEBUG=1",
					"$(inherited)",
				);
				GCC_WARN_64_TO_32_BIT_CONVERSION = YES;
				GCC_WARN_ABOUT_RETURN_TYPE = YES_ERROR;
				GCC_WARN_UNDECLARED_SELECTOR = YES;
				GCC_WARN_UNINITIALIZED_AUTOS = YES_AGGRESSIVE;
				GCC_WARN_UNUSED_FUNCTION = YES;
				GCC_WARN_UNUSED_VARIABLE = YES;
				IPHONEOS_DEPLOYMENT_TARGET = 14.4;
				MTL_ENABLE_DEBUG_INFO = INCLUDE_SOURCE;
				MTL_FAST_MATH = YES;
				ONLY_ACTIVE_ARCH = YES;
				SDKROOT = iphoneos;
				SWIFT_ACTIVE_COMPILATION_CONDITIONS = DEBUG;
				SWIFT_OPTIMIZATION_LEVEL = "-Onone";
			};
			name = Debug;
		};
		125C1D47272734810053377B /* Release */ = {
			isa = XCBuildConfiguration;
			buildSettings = {
				ALWAYS_SEARCH_USER_PATHS = NO;
				CLANG_ANALYZER_NONNULL = YES;
				CLANG_ANALYZER_NUMBER_OBJECT_CONVERSION = YES_AGGRESSIVE;
				CLANG_CXX_LANGUAGE_STANDARD = "gnu++14";
				CLANG_CXX_LIBRARY = "libc++";
				CLANG_ENABLE_MODULES = YES;
				CLANG_ENABLE_OBJC_ARC = YES;
				CLANG_ENABLE_OBJC_WEAK = YES;
				CLANG_WARN_BLOCK_CAPTURE_AUTORELEASING = YES;
				CLANG_WARN_BOOL_CONVERSION = YES;
				CLANG_WARN_COMMA = YES;
				CLANG_WARN_CONSTANT_CONVERSION = YES;
				CLANG_WARN_DEPRECATED_OBJC_IMPLEMENTATIONS = YES;
				CLANG_WARN_DIRECT_OBJC_ISA_USAGE = YES_ERROR;
				CLANG_WARN_DOCUMENTATION_COMMENTS = YES;
				CLANG_WARN_EMPTY_BODY = YES;
				CLANG_WARN_ENUM_CONVERSION = YES;
				CLANG_WARN_INFINITE_RECURSION = YES;
				CLANG_WARN_INT_CONVERSION = YES;
				CLANG_WARN_NON_LITERAL_NULL_CONVERSION = YES;
				CLANG_WARN_OBJC_IMPLICIT_RETAIN_SELF = YES;
				CLANG_WARN_OBJC_LITERAL_CONVERSION = YES;
				CLANG_WARN_OBJC_ROOT_CLASS = YES_ERROR;
				CLANG_WARN_QUOTED_INCLUDE_IN_FRAMEWORK_HEADER = YES;
				CLANG_WARN_RANGE_LOOP_ANALYSIS = YES;
				CLANG_WARN_STRICT_PROTOTYPES = YES;
				CLANG_WARN_SUSPICIOUS_MOVE = YES;
				CLANG_WARN_UNGUARDED_AVAILABILITY = YES_AGGRESSIVE;
				CLANG_WARN_UNREACHABLE_CODE = YES;
				CLANG_WARN__DUPLICATE_METHOD_MATCH = YES;
				COPY_PHASE_STRIP = NO;
				DEBUG_INFORMATION_FORMAT = "dwarf-with-dsym";
				ENABLE_NS_ASSERTIONS = NO;
				ENABLE_STRICT_OBJC_MSGSEND = YES;
				EXCLUDED_ARCHS = "";
				FRAMEWORK_SEARCH_PATHS = "$(inherited)";
				GCC_C_LANGUAGE_STANDARD = gnu11;
				GCC_NO_COMMON_BLOCKS = YES;
				GCC_WARN_64_TO_32_BIT_CONVERSION = YES;
				GCC_WARN_ABOUT_RETURN_TYPE = YES_ERROR;
				GCC_WARN_UNDECLARED_SELECTOR = YES;
				GCC_WARN_UNINITIALIZED_AUTOS = YES_AGGRESSIVE;
				GCC_WARN_UNUSED_FUNCTION = YES;
				GCC_WARN_UNUSED_VARIABLE = YES;
				IPHONEOS_DEPLOYMENT_TARGET = 14.4;
				MTL_ENABLE_DEBUG_INFO = NO;
				MTL_FAST_MATH = YES;
				ONLY_ACTIVE_ARCH = YES;
				SDKROOT = iphoneos;
				SWIFT_COMPILATION_MODE = wholemodule;
				SWIFT_OPTIMIZATION_LEVEL = "-O";
				VALIDATE_PRODUCT = YES;
			};
			name = Release;
		};
		125C1D49272734810053377B /* Debug */ = {
			isa = XCBuildConfiguration;
			baseConfigurationReference = DB3A368296B06DDC77C24767 /* Pods-FirestoreDemo.debug.xcconfig */;
			buildSettings = {
				ASSETCATALOG_COMPILER_APPICON_NAME = AppIcon;
				ASSETCATALOG_COMPILER_GLOBAL_ACCENT_COLOR_NAME = AccentColor;
				CLANG_ENABLE_MODULES = YES;
				CODE_SIGN_ENTITLEMENTS = FirestoreDemo/FirestoreDemo.entitlements;
				CODE_SIGN_IDENTITY = "Apple Development";
				CODE_SIGN_STYLE = Automatic;
				DEVELOPMENT_TEAM = 3797M245X7;
				EXCLUDED_ARCHS = "";
				INFOPLIST_FILE = FirestoreDemo/Info.plist;
				IPHONEOS_DEPLOYMENT_TARGET = 15.2;
				LD_RUNPATH_SEARCH_PATHS = (
					"$(inherited)",
					"@executable_path/Frameworks",
				);
				PRODUCT_BUNDLE_IDENTIFIER = othmanshahrouri.FirestoreDemo;
				PRODUCT_NAME = "$(TARGET_NAME)";
				PROVISIONING_PROFILE_SPECIFIER = "";
				SWIFT_OBJC_BRIDGING_HEADER = "FirestoreDemo/Views/menu Views /FirestoreDemo-Bridging-Header.h";
				SWIFT_OPTIMIZATION_LEVEL = "-Onone";
				SWIFT_VERSION = 5.0;
				TARGETED_DEVICE_FAMILY = "1,2";
			};
			name = Debug;
		};
		125C1D4A272734810053377B /* Release */ = {
			isa = XCBuildConfiguration;
			baseConfigurationReference = 22F582D5C026814817EBBDDF /* Pods-FirestoreDemo.release.xcconfig */;
			buildSettings = {
				ASSETCATALOG_COMPILER_APPICON_NAME = AppIcon;
				ASSETCATALOG_COMPILER_GLOBAL_ACCENT_COLOR_NAME = AccentColor;
				CLANG_ENABLE_MODULES = YES;
				CODE_SIGN_ENTITLEMENTS = FirestoreDemo/FirestoreDemo.entitlements;
				CODE_SIGN_IDENTITY = "Apple Development";
				CODE_SIGN_STYLE = Automatic;
				DEVELOPMENT_TEAM = 3797M245X7;
				EXCLUDED_ARCHS = "";
				INFOPLIST_FILE = FirestoreDemo/Info.plist;
				IPHONEOS_DEPLOYMENT_TARGET = 15.2;
				LD_RUNPATH_SEARCH_PATHS = (
					"$(inherited)",
					"@executable_path/Frameworks",
				);
				PRODUCT_BUNDLE_IDENTIFIER = othmanshahrouri.FirestoreDemo;
				PRODUCT_NAME = "$(TARGET_NAME)";
				PROVISIONING_PROFILE_SPECIFIER = "";
				SWIFT_OBJC_BRIDGING_HEADER = "FirestoreDemo/Views/menu Views /FirestoreDemo-Bridging-Header.h";
				SWIFT_VERSION = 5.0;
				TARGETED_DEVICE_FAMILY = "1,2";
			};
			name = Release;
		};
/* End XCBuildConfiguration section */

/* Begin XCConfigurationList section */
		125C1D2F2727347D0053377B /* Build configuration list for PBXProject "FirestoreDemo" */ = {
			isa = XCConfigurationList;
			buildConfigurations = (
				125C1D46272734810053377B /* Debug */,
				125C1D47272734810053377B /* Release */,
			);
			defaultConfigurationIsVisible = 0;
			defaultConfigurationName = Release;
		};
		125C1D48272734810053377B /* Build configuration list for PBXNativeTarget "FirestoreDemo" */ = {
			isa = XCConfigurationList;
			buildConfigurations = (
				125C1D49272734810053377B /* Debug */,
				125C1D4A272734810053377B /* Release */,
			);
			defaultConfigurationIsVisible = 0;
			defaultConfigurationName = Release;
		};
/* End XCConfigurationList section */
	};
	rootObject = 125C1D2C2727347D0053377B /* Project object */;
}
